
Microsoft Visual Studio Solution File, Format Version 12.00
# Visual Studio Version 16
VisualStudioVersion = 16.0.28803.452
MinimumVisualStudioVersion = 10.0.40219.1
Project("{9A19103F-16F7-4668-BE54-9A1E7A4F7556}") = "01Threading", "01Threading\01Threading.csproj", "{C7D0FC1D-2BC3-417A-8F08-6E0EB0564592}"
EndProject
Project("{9A19103F-16F7-4668-BE54-9A1E7A4F7556}") = "02ThreadPool", "02ThreadPool\02ThreadPool.csproj", "{02D4DB8D-2FB9-4BF3-A4B8-88DC9153D0BE}"
EndProject
Project("{9A19103F-16F7-4668-BE54-9A1E7A4F7556}") = "03RaceConditions", "03RaceConditions\03RaceConditions.csproj", "{9AEBA209-1B27-4BD8-85AA-FD1925AA564F}"
EndProject
Project("{9A19103F-16F7-4668-BE54-9A1E7A4F7556}") = "04DataPartitioning", "04DataPartitioning\04DataPartitioning.csproj", "{EEA28073-EB50-49F6-A419-BF60D493ABA0}"
EndProject
Project("{9A19103F-16F7-4668-BE54-9A1E7A4F7556}") = "06Monitors", "06Monitors\06Monitors.csproj", "{EF5F6FFE-C648-45ED-83FB-B43BFF113FE7}"
EndProject
Project("{9A19103F-16F7-4668-BE54-9A1E7A4F7556}") = "07Mutex", "07Mutex\07Mutex.csproj", "{C60D4E21-AE03-450D-8184-D08DFC80D198}"
EndProject
Project("{9A19103F-16F7-4668-BE54-9A1E7A4F7556}") = "08Semaphore", "08Semaphore\08Semaphore.csproj", "{9F0F3328-4F70-4CA9-9E33-2E58996E568B}"
EndProject
Project("{9A19103F-16F7-4668-BE54-9A1E7A4F7556}") = "09DemoSum", "09DemoSum\09DemoSum.csproj", "{D89FD4D7-834B-4C82-A0A6-014101D72088}"
EndProject
Project("{9A19103F-16F7-4668-BE54-9A1E7A4F7556}") = "09DemoSumSolved", "09DemoSumResolved\09DemoSumSolved.csproj", "{64F1389A-9478-4D40-A3E7-26E0DD8D7474}"
EndProject
Project("{FAE04EC0-301F-11D3-BF4B-00C04F79EFBC}") = "10DemoUI.Core", "10DemoUI.Core\10DemoUI.Core.csproj", "{1DAA0971-47A4-4E2B-9456-E7589B6C35D4}"
EndProject
Project("{FAE04EC0-301F-11D3-BF4B-00C04F79EFBC}") = "10DemoUIThreadPool", "10DemoUIResolved\10DemoUIThreadPool.csproj", "{858DB263-D9E1-4ECE-89CB-B084FE8C671C}"
EndProject
Project("{9A19103F-16F7-4668-BE54-9A1E7A4F7556}") = "08SignalingConstructs", "08SignalingConstructs\08SignalingConstructs.csproj", "{D2B0B684-0A41-46CA-9634-81459EFEF206}"
EndProject
Project("{FAE04EC0-301F-11D3-BF4B-00C04F79EFBC}") = "08SynchronizationAttribute", "08SynchronizationAttribute\08SynchronizationAttribute.csproj", "{A85A9D0F-A7FF-4D42-AD83-37B4B37A5370}"
EndProject
Project("{FAE04EC0-301F-11D3-BF4B-00C04F79EFBC}") = "10DemoUIBackgroundWorker", "10DemoUIResolved01\10DemoUIBackgroundWorker.csproj", "{7E6D60B2-CFBB-4646-9E2E-4806FBC64C64}"
EndProject
Project("{9A19103F-16F7-4668-BE54-9A1E7A4F7556}") = "11RaceCondition", "11RaceCondition\11RaceCondition.csproj", "{973385BD-8040-444F-A07E-591435AE68AB}"
EndProject
Project("{9A19103F-16F7-4668-BE54-9A1E7A4F7556}") = "11RaceConditionSolved", "11RaceConditionResolved\11RaceConditionSolved.csproj", "{45FDB9C0-2482-4253-BFCC-1CDECFC4526F}"
EndProject
Project("{9A19103F-16F7-4668-BE54-9A1E7A4F7556}") = "12Tasks", "12Tasks\12Tasks.csproj", "{2BC84FDA-7652-4DE6-ADE2-80D278356FB4}"
EndProject
Project("{FAE04EC0-301F-11D3-BF4B-00C04F79EFBC}") = "10DemoUITasksV2", "10DemoUISolved02\10DemoUITasksV2.csproj", "{075F5F84-738A-48D3-BB00-35B6C5539E7F}"
EndProject
Project("{FAE04EC0-301F-11D3-BF4B-00C04F79EFBC}") = "10DemoUIAsyncAwaitV2", "10DemoUISolved03\10DemoUIAsyncAwaitV2.csproj", "{84B08DA8-EBE3-42EB-A6EB-6A0F1548E6AB}"
EndProject
Project("{9A19103F-16F7-4668-BE54-9A1E7A4F7556}") = "05NonBlocking", "05NonBlocking\05NonBlocking.csproj", "{81229C9D-07CE-4878-B761-FFCB1CC6A21D}"
EndProject
Project("{9A19103F-16F7-4668-BE54-9A1E7A4F7556}") = "13AsyncAwait", "13AsyncAwait\13AsyncAwait.csproj", "{41192834-9971-4112-8333-35A50D15D45F}"
EndProject
Project("{2150E333-8FDC-42A3-9474-1A3956D46DE8}") = "1.Samples", "1.Samples", "{7AA7259E-ED3C-4BCD-8E2D-2773314BA095}"
EndProject
Project("{FAE04EC0-301F-11D3-BF4B-00C04F79EFBC}") = "10DemoUI", "10DemoUI\10DemoUI.csproj", "{1F214437-A53C-4A3F-A407-7D6296848240}"
EndProject
Project("{FAE04EC0-301F-11D3-BF4B-00C04F79EFBC}") = "10DemoUITasks", "10DemoUITasks\10DemoUITasks.csproj", "{A1AC4894-0924-438B-891E-069302BA3AA8}"
EndProject
Project("{FAE04EC0-301F-11D3-BF4B-00C04F79EFBC}") = "10DemoUIAsyncAwait", "10DemoUIAsyncAwait\10DemoUIAsyncAwait.csproj", "{E8753AB7-DF48-41AC-9C50-0EA7CF9DFA79}"
EndProject
Project("{2150E333-8FDC-42A3-9474-1A3956D46DE8}") = "2.Res", "2.Res", "{4776A2D4-88C6-4858-9E13-1D7E49BC57F0}"
EndProject
Project("{9A19103F-16F7-4668-BE54-9A1E7A4F7556}") = "14Awaitables", "14Awaitables\14Awaitables.csproj", "{7AB4DFCC-0FA4-431E-805B-D36412165C7B}"
EndProject
Project("{9A19103F-16F7-4668-BE54-9A1E7A4F7556}") = "14ReturnTypes", "14ReturnTypes\14ReturnTypes.csproj", "{E4574F83-4695-4F32-B5A5-2BB6BABDD363}"
EndProject
Project("{9A19103F-16F7-4668-BE54-9A1E7A4F7556}") = "15WebApi", "15WebApi\15WebApi.csproj", "{F1256750-69D6-46B1-93AE-DCCD9B06B510}"
EndProject
Project("{9A19103F-16F7-4668-BE54-9A1E7A4F7556}") = "12TasksExceptions", "12TasksExceptions\12TasksExceptions.csproj", "{A6C6D905-3F30-4820-8145-4C13011042CE}"
EndProject
Project("{9A19103F-16F7-4668-BE54-9A1E7A4F7556}") = "12TasksCancellation", "12TasksCancellation\12TasksCancellation.csproj", "{9A1C01ED-7848-4AE3-A058-A8A327E89E28}"
EndProject
Project("{9A19103F-16F7-4668-BE54-9A1E7A4F7556}") = "13AsyncAwaitHowItsWork", "13AsyncAwaitHowItsWork\13AsyncAwaitHowItsWork.csproj", "{BA1E6711-D5A6-411F-988A-DE3940CAB9B0}"
EndProject
Project("{9A19103F-16F7-4668-BE54-9A1E7A4F7556}") = "ThreadsDay01", "ThreadsDay01\ThreadsDay01.csproj", "{3E4A7617-3E05-44D0-8F78-D60F676E9BBD}"
EndProject
Project("{2150E333-8FDC-42A3-9474-1A3956D46DE8}") = "3.Demo", "3.Demo", "{83CE71C9-672F-4FF3-AF2F-E994702E8B3B}"
EndProject
Project("{9A19103F-16F7-4668-BE54-9A1E7A4F7556}") = "TasksDay02", "TasksDay02\TasksDay02.csproj", "{DB746BFC-A238-461B-B1E5-CAE4323635EA}"
EndProject
Project("{9A19103F-16F7-4668-BE54-9A1E7A4F7556}") = "AsyncAwaitDay03", "AsyncAwaitDay03\AsyncAwaitDay03.csproj", "{EED1B96D-5B00-47E6-A04C-B474DDC1264D}"
EndProject
Project("{9A19103F-16F7-4668-BE54-9A1E7A4F7556}") = "AsyncAwaitStateMachineDemo", "AsyncAwaitStateMachineDemo\AsyncAwaitStateMachineDemo.csproj", "{5C6C91A3-8194-43E4-8B44-66C703C7FB1E}"
EndProject
Project("{FAE04EC0-301F-11D3-BF4B-00C04F79EFBC}") = "16WebApp", "WebApp\16WebApp.csproj", "{ABB4C918-5C54-4280-AD06-26210069BA2A}"
EndProject
Project("{9A19103F-16F7-4668-BE54-9A1E7A4F7556}") = "17MigrateToAsyncLib", "17MigrateToAsyncLib\17MigrateToAsyncLib.csproj", "{A221CCB7-9072-409B-A69A-4AFA307EF551}"
EndProject
Project("{9A19103F-16F7-4668-BE54-9A1E7A4F7556}") = "17MigrateToAsync", "17MigrateToAsync\17MigrateToAsync.csproj", "{248842D8-87AC-4EAB-9EF8-65871995B3D4}"
EndProject
Project("{9A19103F-16F7-4668-BE54-9A1E7A4F7556}") = "18TPL", "18TPL\18TPL.csproj", "{4002322E-AC60-4E33-B144-1A4717CC686E}"
EndProject
Project("{9A19103F-16F7-4668-BE54-9A1E7A4F7556}") = "AsyncAwaitDay04", "AsyncAwaitDay04\AsyncAwaitDay04.csproj", "{8A1B6CEC-C478-4F45-9EE1-9D3DC228E4CE}"
EndProject
Project("{9A19103F-16F7-4668-BE54-9A1E7A4F7556}") = "19Plinq", "19Plinq\19Plinq.csproj", "{FE774DA4-6F29-4A9F-BCD4-8FAF2996BE9A}"
EndProject
Project("{9A19103F-16F7-4668-BE54-9A1E7A4F7556}") = "TplDay05", "TplDay05\TplDay05.csproj", "{9FF94846-ED3E-49DF-8AFB-3F1CFE7D9085}"
EndProject
Project("{9A19103F-16F7-4668-BE54-9A1E7A4F7556}") = "20ConcurrentDemos", "20ConcurrentQueues\20ConcurrentDemos.csproj", "{F82AF1D8-CC7C-42CF-85EE-44DB5BCB3F7D}"
EndProject
Project("{9A19103F-16F7-4668-BE54-9A1E7A4F7556}") = "21FileProcessor", "21FileProcessor\21FileProcessor.csproj", "{72D932F6-0594-407D-B176-02979C621A49}"
EndProject
Project("{9A19103F-16F7-4668-BE54-9A1E7A4F7556}") = "ConcurrentDemosDay6", "ConcurrentDemosDay6\ConcurrentDemosDay6.csproj", "{C4032B86-4EED-4BD8-92C2-32CD26F2CA92}"
EndProject
Project("{9A19103F-16F7-4668-BE54-9A1E7A4F7556}") = "FileProcessor", "FileProcessor\FileProcessor.csproj", "{610C9B6E-77D4-42F2-97CF-D576F9446771}"
EndProject
Project("{2150E333-8FDC-42A3-9474-1A3956D46DE8}") = "Old", "Old", "{69905466-7C60-495C-AC0A-E9EF6EA1101C}"
EndProject
Project("{2150E333-8FDC-42A3-9474-1A3956D46DE8}") = "New", "New", "{9411AF0A-EDD4-47F6-85FB-7CD1D64CCC5D}"
EndProject
Project("{9A19103F-16F7-4668-BE54-9A1E7A4F7556}") = "01ThreadingDemos", "new\01ThreadingDemos\01ThreadingDemos.csproj", "{D122E669-711D-4769-AB02-91C18F856C7E}"
EndProject
Project("{2150E333-8FDC-42A3-9474-1A3956D46DE8}") = "Data", "Data", "{02BD20A5-A66E-4F22-B874-EBFE5E92DBE8}"
	ProjectSection(SolutionItems) = preProject
		TextFile.txt = TextFile.txt
	EndProjectSection
EndProject
Project("{9A19103F-16F7-4668-BE54-9A1E7A4F7556}") = "02TasksDemos", "new\02TasksDemos\02TasksDemos.csproj", "{72F10142-0E0E-4F8A-AB14-BE6503594982}"
EndProject
Project("{9A19103F-16F7-4668-BE54-9A1E7A4F7556}") = "03AsyncAwait", "new\03AsyncAwait\03AsyncAwait.csproj", "{03877E2B-51C0-41A2-879A-A84917A83D00}"
EndProject
Project("{9A19103F-16F7-4668-BE54-9A1E7A4F7556}") = "03AsyncAwaitStateMachine", "03AsyncAwaitStateMachine\03AsyncAwaitStateMachine.csproj", "{3EE454C9-CA63-4982-9644-8526EA985F04}"
EndProject
Project("{9A19103F-16F7-4668-BE54-9A1E7A4F7556}") = "04AsyncAwait", "new\04AsyncAwait\04AsyncAwait.csproj", "{AA3A9DAD-02D6-4A04-A8B4-2AD1E4436E82}"
EndProject
Project("{FAE04EC0-301F-11D3-BF4B-00C04F79EFBC}") = "04WebApplication", "new\04WebApplication\04WebApplication.csproj", "{CB6C6246-E490-4EFC-81F7-D162D0FB23AB}"
EndProject
Project("{2150E333-8FDC-42A3-9474-1A3956D46DE8}") = "Isd", "Isd", "{92CD6A40-74BC-481F-B4E4-538AEAC54B7D}"
EndProject
Project("{9A19103F-16F7-4668-BE54-9A1E7A4F7556}") = "1ThreadsDemos", "isd\1ThreadsDemos\1ThreadsDemos.csproj", "{4B0F7B12-FE2F-45E5-A843-1B9503DB9740}"
EndProject
Project("{9A19103F-16F7-4668-BE54-9A1E7A4F7556}") = "2TasksDemos", "isd\2TasksDemos\2TasksDemos.csproj", "{789F0FE1-4BD6-49E2-B972-229CFDA90547}"
EndProject
Project("{9A19103F-16F7-4668-BE54-9A1E7A4F7556}") = "05TplDemosV2", "new\05TplDemos\05TplDemosV2.csproj", "{9E67CB71-2D38-40D2-8D52-A7BA1EDD657E}"
EndProject
Project("{9A19103F-16F7-4668-BE54-9A1E7A4F7556}") = "3AsyncAwait", "isd\3AsyncAwait\3AsyncAwait.csproj", "{463D7283-5775-4CF9-B055-8A79C3A7F0F0}"
EndProject
Project("{9A19103F-16F7-4668-BE54-9A1E7A4F7556}") = "06ConcurrentCollections", "06ConcurrentCollections\06ConcurrentCollections.csproj", "{23A1FF4D-415C-4B5D-8A40-EAC8FB570053}"
EndProject
Project("{9A19103F-16F7-4668-BE54-9A1E7A4F7556}") = "4AsyncAwait", "isd\4AsyncAwait\4AsyncAwait.csproj", "{14DADD96-C7BB-4BCE-993A-0CE6AA4F4565}"
EndProject
Project("{FAE04EC0-301F-11D3-BF4B-00C04F79EFBC}") = "4WebApp", "isd\4WebApp\4WebApp.csproj", "{3436B5CF-1143-45C2-AA2D-53AE3519EA32}"
EndProject
Project("{9A19103F-16F7-4668-BE54-9A1E7A4F7556}") = "5Tpl", "isd\5Tpl\5Tpl.csproj", "{21C34DDD-AFB8-404E-B6A0-2CC26E4A5FE7}"
EndProject
Project("{FAE04EC0-301F-11D3-BF4B-00C04F79EFBC}") = "6ConcurrentCollections", "isd\6ConcurrentCollections\6ConcurrentCollections.csproj", "{2CE1FE59-1162-4164-9E02-B0333A39ABC2}"
EndProject
Global
	GlobalSection(SolutionConfigurationPlatforms) = preSolution
		Debug|Any CPU = Debug|Any CPU
		Release|Any CPU = Release|Any CPU
	EndGlobalSection
	GlobalSection(ProjectConfigurationPlatforms) = postSolution
		{C7D0FC1D-2BC3-417A-8F08-6E0EB0564592}.Debug|Any CPU.ActiveCfg = Debug|Any CPU
		{C7D0FC1D-2BC3-417A-8F08-6E0EB0564592}.Debug|Any CPU.Build.0 = Debug|Any CPU
		{C7D0FC1D-2BC3-417A-8F08-6E0EB0564592}.Release|Any CPU.ActiveCfg = Release|Any CPU
		{C7D0FC1D-2BC3-417A-8F08-6E0EB0564592}.Release|Any CPU.Build.0 = Release|Any CPU
		{02D4DB8D-2FB9-4BF3-A4B8-88DC9153D0BE}.Debug|Any CPU.ActiveCfg = Debug|Any CPU
		{02D4DB8D-2FB9-4BF3-A4B8-88DC9153D0BE}.Debug|Any CPU.Build.0 = Debug|Any CPU
		{02D4DB8D-2FB9-4BF3-A4B8-88DC9153D0BE}.Release|Any CPU.ActiveCfg = Release|Any CPU
		{02D4DB8D-2FB9-4BF3-A4B8-88DC9153D0BE}.Release|Any CPU.Build.0 = Release|Any CPU
		{9AEBA209-1B27-4BD8-85AA-FD1925AA564F}.Debug|Any CPU.ActiveCfg = Debug|Any CPU
		{9AEBA209-1B27-4BD8-85AA-FD1925AA564F}.Debug|Any CPU.Build.0 = Debug|Any CPU
		{9AEBA209-1B27-4BD8-85AA-FD1925AA564F}.Release|Any CPU.ActiveCfg = Release|Any CPU
		{9AEBA209-1B27-4BD8-85AA-FD1925AA564F}.Release|Any CPU.Build.0 = Release|Any CPU
		{EEA28073-EB50-49F6-A419-BF60D493ABA0}.Debug|Any CPU.ActiveCfg = Debug|Any CPU
		{EEA28073-EB50-49F6-A419-BF60D493ABA0}.Debug|Any CPU.Build.0 = Debug|Any CPU
		{EEA28073-EB50-49F6-A419-BF60D493ABA0}.Release|Any CPU.ActiveCfg = Release|Any CPU
		{EEA28073-EB50-49F6-A419-BF60D493ABA0}.Release|Any CPU.Build.0 = Release|Any CPU
		{EF5F6FFE-C648-45ED-83FB-B43BFF113FE7}.Debug|Any CPU.ActiveCfg = Debug|Any CPU
		{EF5F6FFE-C648-45ED-83FB-B43BFF113FE7}.Debug|Any CPU.Build.0 = Debug|Any CPU
		{EF5F6FFE-C648-45ED-83FB-B43BFF113FE7}.Release|Any CPU.ActiveCfg = Release|Any CPU
		{EF5F6FFE-C648-45ED-83FB-B43BFF113FE7}.Release|Any CPU.Build.0 = Release|Any CPU
		{C60D4E21-AE03-450D-8184-D08DFC80D198}.Debug|Any CPU.ActiveCfg = Debug|Any CPU
		{C60D4E21-AE03-450D-8184-D08DFC80D198}.Debug|Any CPU.Build.0 = Debug|Any CPU
		{C60D4E21-AE03-450D-8184-D08DFC80D198}.Release|Any CPU.ActiveCfg = Release|Any CPU
		{C60D4E21-AE03-450D-8184-D08DFC80D198}.Release|Any CPU.Build.0 = Release|Any CPU
		{9F0F3328-4F70-4CA9-9E33-2E58996E568B}.Debug|Any CPU.ActiveCfg = Debug|Any CPU
		{9F0F3328-4F70-4CA9-9E33-2E58996E568B}.Debug|Any CPU.Build.0 = Debug|Any CPU
		{9F0F3328-4F70-4CA9-9E33-2E58996E568B}.Release|Any CPU.ActiveCfg = Release|Any CPU
		{9F0F3328-4F70-4CA9-9E33-2E58996E568B}.Release|Any CPU.Build.0 = Release|Any CPU
		{D89FD4D7-834B-4C82-A0A6-014101D72088}.Debug|Any CPU.ActiveCfg = Debug|Any CPU
		{D89FD4D7-834B-4C82-A0A6-014101D72088}.Debug|Any CPU.Build.0 = Debug|Any CPU
		{D89FD4D7-834B-4C82-A0A6-014101D72088}.Release|Any CPU.ActiveCfg = Release|Any CPU
		{D89FD4D7-834B-4C82-A0A6-014101D72088}.Release|Any CPU.Build.0 = Release|Any CPU
		{64F1389A-9478-4D40-A3E7-26E0DD8D7474}.Debug|Any CPU.ActiveCfg = Debug|Any CPU
		{64F1389A-9478-4D40-A3E7-26E0DD8D7474}.Debug|Any CPU.Build.0 = Debug|Any CPU
		{64F1389A-9478-4D40-A3E7-26E0DD8D7474}.Release|Any CPU.ActiveCfg = Release|Any CPU
		{64F1389A-9478-4D40-A3E7-26E0DD8D7474}.Release|Any CPU.Build.0 = Release|Any CPU
		{1DAA0971-47A4-4E2B-9456-E7589B6C35D4}.Debug|Any CPU.ActiveCfg = Debug|Any CPU
		{1DAA0971-47A4-4E2B-9456-E7589B6C35D4}.Debug|Any CPU.Build.0 = Debug|Any CPU
		{1DAA0971-47A4-4E2B-9456-E7589B6C35D4}.Release|Any CPU.ActiveCfg = Release|Any CPU
		{1DAA0971-47A4-4E2B-9456-E7589B6C35D4}.Release|Any CPU.Build.0 = Release|Any CPU
		{858DB263-D9E1-4ECE-89CB-B084FE8C671C}.Debug|Any CPU.ActiveCfg = Debug|Any CPU
		{858DB263-D9E1-4ECE-89CB-B084FE8C671C}.Debug|Any CPU.Build.0 = Debug|Any CPU
		{858DB263-D9E1-4ECE-89CB-B084FE8C671C}.Release|Any CPU.ActiveCfg = Release|Any CPU
		{858DB263-D9E1-4ECE-89CB-B084FE8C671C}.Release|Any CPU.Build.0 = Release|Any CPU
		{D2B0B684-0A41-46CA-9634-81459EFEF206}.Debug|Any CPU.ActiveCfg = Debug|Any CPU
		{D2B0B684-0A41-46CA-9634-81459EFEF206}.Debug|Any CPU.Build.0 = Debug|Any CPU
		{D2B0B684-0A41-46CA-9634-81459EFEF206}.Release|Any CPU.ActiveCfg = Release|Any CPU
		{D2B0B684-0A41-46CA-9634-81459EFEF206}.Release|Any CPU.Build.0 = Release|Any CPU
		{A85A9D0F-A7FF-4D42-AD83-37B4B37A5370}.Debug|Any CPU.ActiveCfg = Debug|Any CPU
		{A85A9D0F-A7FF-4D42-AD83-37B4B37A5370}.Debug|Any CPU.Build.0 = Debug|Any CPU
		{A85A9D0F-A7FF-4D42-AD83-37B4B37A5370}.Release|Any CPU.ActiveCfg = Release|Any CPU
		{A85A9D0F-A7FF-4D42-AD83-37B4B37A5370}.Release|Any CPU.Build.0 = Release|Any CPU
		{7E6D60B2-CFBB-4646-9E2E-4806FBC64C64}.Debug|Any CPU.ActiveCfg = Debug|Any CPU
		{7E6D60B2-CFBB-4646-9E2E-4806FBC64C64}.Debug|Any CPU.Build.0 = Debug|Any CPU
		{7E6D60B2-CFBB-4646-9E2E-4806FBC64C64}.Release|Any CPU.ActiveCfg = Release|Any CPU
		{7E6D60B2-CFBB-4646-9E2E-4806FBC64C64}.Release|Any CPU.Build.0 = Release|Any CPU
		{973385BD-8040-444F-A07E-591435AE68AB}.Debug|Any CPU.ActiveCfg = Debug|Any CPU
		{973385BD-8040-444F-A07E-591435AE68AB}.Debug|Any CPU.Build.0 = Debug|Any CPU
		{973385BD-8040-444F-A07E-591435AE68AB}.Release|Any CPU.ActiveCfg = Release|Any CPU
		{973385BD-8040-444F-A07E-591435AE68AB}.Release|Any CPU.Build.0 = Release|Any CPU
		{45FDB9C0-2482-4253-BFCC-1CDECFC4526F}.Debug|Any CPU.ActiveCfg = Debug|Any CPU
		{45FDB9C0-2482-4253-BFCC-1CDECFC4526F}.Debug|Any CPU.Build.0 = Debug|Any CPU
		{45FDB9C0-2482-4253-BFCC-1CDECFC4526F}.Release|Any CPU.ActiveCfg = Release|Any CPU
		{45FDB9C0-2482-4253-BFCC-1CDECFC4526F}.Release|Any CPU.Build.0 = Release|Any CPU
		{2BC84FDA-7652-4DE6-ADE2-80D278356FB4}.Debug|Any CPU.ActiveCfg = Debug|Any CPU
		{2BC84FDA-7652-4DE6-ADE2-80D278356FB4}.Debug|Any CPU.Build.0 = Debug|Any CPU
		{2BC84FDA-7652-4DE6-ADE2-80D278356FB4}.Release|Any CPU.ActiveCfg = Release|Any CPU
		{2BC84FDA-7652-4DE6-ADE2-80D278356FB4}.Release|Any CPU.Build.0 = Release|Any CPU
		{075F5F84-738A-48D3-BB00-35B6C5539E7F}.Debug|Any CPU.ActiveCfg = Debug|Any CPU
		{075F5F84-738A-48D3-BB00-35B6C5539E7F}.Debug|Any CPU.Build.0 = Debug|Any CPU
		{075F5F84-738A-48D3-BB00-35B6C5539E7F}.Release|Any CPU.ActiveCfg = Release|Any CPU
		{075F5F84-738A-48D3-BB00-35B6C5539E7F}.Release|Any CPU.Build.0 = Release|Any CPU
		{84B08DA8-EBE3-42EB-A6EB-6A0F1548E6AB}.Debug|Any CPU.ActiveCfg = Debug|Any CPU
		{84B08DA8-EBE3-42EB-A6EB-6A0F1548E6AB}.Debug|Any CPU.Build.0 = Debug|Any CPU
		{84B08DA8-EBE3-42EB-A6EB-6A0F1548E6AB}.Release|Any CPU.ActiveCfg = Release|Any CPU
		{84B08DA8-EBE3-42EB-A6EB-6A0F1548E6AB}.Release|Any CPU.Build.0 = Release|Any CPU
		{81229C9D-07CE-4878-B761-FFCB1CC6A21D}.Debug|Any CPU.ActiveCfg = Debug|Any CPU
		{81229C9D-07CE-4878-B761-FFCB1CC6A21D}.Debug|Any CPU.Build.0 = Debug|Any CPU
		{81229C9D-07CE-4878-B761-FFCB1CC6A21D}.Release|Any CPU.ActiveCfg = Release|Any CPU
		{81229C9D-07CE-4878-B761-FFCB1CC6A21D}.Release|Any CPU.Build.0 = Release|Any CPU
		{41192834-9971-4112-8333-35A50D15D45F}.Debug|Any CPU.ActiveCfg = Debug|Any CPU
		{41192834-9971-4112-8333-35A50D15D45F}.Debug|Any CPU.Build.0 = Debug|Any CPU
		{41192834-9971-4112-8333-35A50D15D45F}.Release|Any CPU.ActiveCfg = Release|Any CPU
		{41192834-9971-4112-8333-35A50D15D45F}.Release|Any CPU.Build.0 = Release|Any CPU
		{1F214437-A53C-4A3F-A407-7D6296848240}.Debug|Any CPU.ActiveCfg = Debug|Any CPU
		{1F214437-A53C-4A3F-A407-7D6296848240}.Debug|Any CPU.Build.0 = Debug|Any CPU
		{1F214437-A53C-4A3F-A407-7D6296848240}.Release|Any CPU.ActiveCfg = Release|Any CPU
		{1F214437-A53C-4A3F-A407-7D6296848240}.Release|Any CPU.Build.0 = Release|Any CPU
		{A1AC4894-0924-438B-891E-069302BA3AA8}.Debug|Any CPU.ActiveCfg = Debug|Any CPU
		{A1AC4894-0924-438B-891E-069302BA3AA8}.Debug|Any CPU.Build.0 = Debug|Any CPU
		{A1AC4894-0924-438B-891E-069302BA3AA8}.Release|Any CPU.ActiveCfg = Release|Any CPU
		{A1AC4894-0924-438B-891E-069302BA3AA8}.Release|Any CPU.Build.0 = Release|Any CPU
		{E8753AB7-DF48-41AC-9C50-0EA7CF9DFA79}.Debug|Any CPU.ActiveCfg = Debug|Any CPU
		{E8753AB7-DF48-41AC-9C50-0EA7CF9DFA79}.Debug|Any CPU.Build.0 = Debug|Any CPU
		{E8753AB7-DF48-41AC-9C50-0EA7CF9DFA79}.Release|Any CPU.ActiveCfg = Release|Any CPU
		{E8753AB7-DF48-41AC-9C50-0EA7CF9DFA79}.Release|Any CPU.Build.0 = Release|Any CPU
		{7AB4DFCC-0FA4-431E-805B-D36412165C7B}.Debug|Any CPU.ActiveCfg = Debug|Any CPU
		{7AB4DFCC-0FA4-431E-805B-D36412165C7B}.Debug|Any CPU.Build.0 = Debug|Any CPU
		{7AB4DFCC-0FA4-431E-805B-D36412165C7B}.Release|Any CPU.ActiveCfg = Release|Any CPU
		{7AB4DFCC-0FA4-431E-805B-D36412165C7B}.Release|Any CPU.Build.0 = Release|Any CPU
		{E4574F83-4695-4F32-B5A5-2BB6BABDD363}.Debug|Any CPU.ActiveCfg = Debug|Any CPU
		{E4574F83-4695-4F32-B5A5-2BB6BABDD363}.Debug|Any CPU.Build.0 = Debug|Any CPU
		{E4574F83-4695-4F32-B5A5-2BB6BABDD363}.Release|Any CPU.ActiveCfg = Release|Any CPU
		{E4574F83-4695-4F32-B5A5-2BB6BABDD363}.Release|Any CPU.Build.0 = Release|Any CPU
		{F1256750-69D6-46B1-93AE-DCCD9B06B510}.Debug|Any CPU.ActiveCfg = Debug|Any CPU
		{F1256750-69D6-46B1-93AE-DCCD9B06B510}.Debug|Any CPU.Build.0 = Debug|Any CPU
		{F1256750-69D6-46B1-93AE-DCCD9B06B510}.Release|Any CPU.ActiveCfg = Release|Any CPU
		{F1256750-69D6-46B1-93AE-DCCD9B06B510}.Release|Any CPU.Build.0 = Release|Any CPU
		{A6C6D905-3F30-4820-8145-4C13011042CE}.Debug|Any CPU.ActiveCfg = Debug|Any CPU
		{A6C6D905-3F30-4820-8145-4C13011042CE}.Debug|Any CPU.Build.0 = Debug|Any CPU
		{A6C6D905-3F30-4820-8145-4C13011042CE}.Release|Any CPU.ActiveCfg = Release|Any CPU
		{A6C6D905-3F30-4820-8145-4C13011042CE}.Release|Any CPU.Build.0 = Release|Any CPU
		{9A1C01ED-7848-4AE3-A058-A8A327E89E28}.Debug|Any CPU.ActiveCfg = Debug|Any CPU
		{9A1C01ED-7848-4AE3-A058-A8A327E89E28}.Debug|Any CPU.Build.0 = Debug|Any CPU
		{9A1C01ED-7848-4AE3-A058-A8A327E89E28}.Release|Any CPU.ActiveCfg = Release|Any CPU
		{9A1C01ED-7848-4AE3-A058-A8A327E89E28}.Release|Any CPU.Build.0 = Release|Any CPU
		{BA1E6711-D5A6-411F-988A-DE3940CAB9B0}.Debug|Any CPU.ActiveCfg = Debug|Any CPU
		{BA1E6711-D5A6-411F-988A-DE3940CAB9B0}.Debug|Any CPU.Build.0 = Debug|Any CPU
		{BA1E6711-D5A6-411F-988A-DE3940CAB9B0}.Release|Any CPU.ActiveCfg = Release|Any CPU
		{BA1E6711-D5A6-411F-988A-DE3940CAB9B0}.Release|Any CPU.Build.0 = Release|Any CPU
		{3E4A7617-3E05-44D0-8F78-D60F676E9BBD}.Debug|Any CPU.ActiveCfg = Debug|Any CPU
		{3E4A7617-3E05-44D0-8F78-D60F676E9BBD}.Debug|Any CPU.Build.0 = Debug|Any CPU
		{3E4A7617-3E05-44D0-8F78-D60F676E9BBD}.Release|Any CPU.ActiveCfg = Release|Any CPU
		{3E4A7617-3E05-44D0-8F78-D60F676E9BBD}.Release|Any CPU.Build.0 = Release|Any CPU
		{DB746BFC-A238-461B-B1E5-CAE4323635EA}.Debug|Any CPU.ActiveCfg = Debug|Any CPU
		{DB746BFC-A238-461B-B1E5-CAE4323635EA}.Debug|Any CPU.Build.0 = Debug|Any CPU
		{DB746BFC-A238-461B-B1E5-CAE4323635EA}.Release|Any CPU.ActiveCfg = Release|Any CPU
		{DB746BFC-A238-461B-B1E5-CAE4323635EA}.Release|Any CPU.Build.0 = Release|Any CPU
		{EED1B96D-5B00-47E6-A04C-B474DDC1264D}.Debug|Any CPU.ActiveCfg = Debug|Any CPU
		{EED1B96D-5B00-47E6-A04C-B474DDC1264D}.Debug|Any CPU.Build.0 = Debug|Any CPU
		{EED1B96D-5B00-47E6-A04C-B474DDC1264D}.Release|Any CPU.ActiveCfg = Release|Any CPU
		{EED1B96D-5B00-47E6-A04C-B474DDC1264D}.Release|Any CPU.Build.0 = Release|Any CPU
		{5C6C91A3-8194-43E4-8B44-66C703C7FB1E}.Debug|Any CPU.ActiveCfg = Debug|Any CPU
		{5C6C91A3-8194-43E4-8B44-66C703C7FB1E}.Debug|Any CPU.Build.0 = Debug|Any CPU
		{5C6C91A3-8194-43E4-8B44-66C703C7FB1E}.Release|Any CPU.ActiveCfg = Release|Any CPU
		{5C6C91A3-8194-43E4-8B44-66C703C7FB1E}.Release|Any CPU.Build.0 = Release|Any CPU
		{ABB4C918-5C54-4280-AD06-26210069BA2A}.Debug|Any CPU.ActiveCfg = Debug|Any CPU
		{ABB4C918-5C54-4280-AD06-26210069BA2A}.Debug|Any CPU.Build.0 = Debug|Any CPU
		{ABB4C918-5C54-4280-AD06-26210069BA2A}.Release|Any CPU.ActiveCfg = Release|Any CPU
		{ABB4C918-5C54-4280-AD06-26210069BA2A}.Release|Any CPU.Build.0 = Release|Any CPU
		{A221CCB7-9072-409B-A69A-4AFA307EF551}.Debug|Any CPU.ActiveCfg = Debug|Any CPU
		{A221CCB7-9072-409B-A69A-4AFA307EF551}.Debug|Any CPU.Build.0 = Debug|Any CPU
		{A221CCB7-9072-409B-A69A-4AFA307EF551}.Release|Any CPU.ActiveCfg = Release|Any CPU
		{A221CCB7-9072-409B-A69A-4AFA307EF551}.Release|Any CPU.Build.0 = Release|Any CPU
		{248842D8-87AC-4EAB-9EF8-65871995B3D4}.Debug|Any CPU.ActiveCfg = Debug|Any CPU
		{248842D8-87AC-4EAB-9EF8-65871995B3D4}.Debug|Any CPU.Build.0 = Debug|Any CPU
		{248842D8-87AC-4EAB-9EF8-65871995B3D4}.Release|Any CPU.ActiveCfg = Release|Any CPU
		{248842D8-87AC-4EAB-9EF8-65871995B3D4}.Release|Any CPU.Build.0 = Release|Any CPU
		{4002322E-AC60-4E33-B144-1A4717CC686E}.Debug|Any CPU.ActiveCfg = Debug|Any CPU
		{4002322E-AC60-4E33-B144-1A4717CC686E}.Debug|Any CPU.Build.0 = Debug|Any CPU
		{4002322E-AC60-4E33-B144-1A4717CC686E}.Release|Any CPU.ActiveCfg = Release|Any CPU
		{4002322E-AC60-4E33-B144-1A4717CC686E}.Release|Any CPU.Build.0 = Release|Any CPU
		{8A1B6CEC-C478-4F45-9EE1-9D3DC228E4CE}.Debug|Any CPU.ActiveCfg = Debug|Any CPU
		{8A1B6CEC-C478-4F45-9EE1-9D3DC228E4CE}.Debug|Any CPU.Build.0 = Debug|Any CPU
		{8A1B6CEC-C478-4F45-9EE1-9D3DC228E4CE}.Release|Any CPU.ActiveCfg = Release|Any CPU
		{8A1B6CEC-C478-4F45-9EE1-9D3DC228E4CE}.Release|Any CPU.Build.0 = Release|Any CPU
		{FE774DA4-6F29-4A9F-BCD4-8FAF2996BE9A}.Debug|Any CPU.ActiveCfg = Debug|Any CPU
		{FE774DA4-6F29-4A9F-BCD4-8FAF2996BE9A}.Debug|Any CPU.Build.0 = Debug|Any CPU
		{FE774DA4-6F29-4A9F-BCD4-8FAF2996BE9A}.Release|Any CPU.ActiveCfg = Release|Any CPU
		{FE774DA4-6F29-4A9F-BCD4-8FAF2996BE9A}.Release|Any CPU.Build.0 = Release|Any CPU
		{9FF94846-ED3E-49DF-8AFB-3F1CFE7D9085}.Debug|Any CPU.ActiveCfg = Debug|Any CPU
		{9FF94846-ED3E-49DF-8AFB-3F1CFE7D9085}.Debug|Any CPU.Build.0 = Debug|Any CPU
		{9FF94846-ED3E-49DF-8AFB-3F1CFE7D9085}.Release|Any CPU.ActiveCfg = Release|Any CPU
		{9FF94846-ED3E-49DF-8AFB-3F1CFE7D9085}.Release|Any CPU.Build.0 = Release|Any CPU
		{F82AF1D8-CC7C-42CF-85EE-44DB5BCB3F7D}.Debug|Any CPU.ActiveCfg = Debug|Any CPU
		{F82AF1D8-CC7C-42CF-85EE-44DB5BCB3F7D}.Debug|Any CPU.Build.0 = Debug|Any CPU
		{F82AF1D8-CC7C-42CF-85EE-44DB5BCB3F7D}.Release|Any CPU.ActiveCfg = Release|Any CPU
		{F82AF1D8-CC7C-42CF-85EE-44DB5BCB3F7D}.Release|Any CPU.Build.0 = Release|Any CPU
		{72D932F6-0594-407D-B176-02979C621A49}.Debug|Any CPU.ActiveCfg = Debug|Any CPU
		{72D932F6-0594-407D-B176-02979C621A49}.Debug|Any CPU.Build.0 = Debug|Any CPU
		{72D932F6-0594-407D-B176-02979C621A49}.Release|Any CPU.ActiveCfg = Release|Any CPU
		{72D932F6-0594-407D-B176-02979C621A49}.Release|Any CPU.Build.0 = Release|Any CPU
		{C4032B86-4EED-4BD8-92C2-32CD26F2CA92}.Debug|Any CPU.ActiveCfg = Debug|Any CPU
		{C4032B86-4EED-4BD8-92C2-32CD26F2CA92}.Debug|Any CPU.Build.0 = Debug|Any CPU
		{C4032B86-4EED-4BD8-92C2-32CD26F2CA92}.Release|Any CPU.ActiveCfg = Release|Any CPU
		{C4032B86-4EED-4BD8-92C2-32CD26F2CA92}.Release|Any CPU.Build.0 = Release|Any CPU
		{610C9B6E-77D4-42F2-97CF-D576F9446771}.Debug|Any CPU.ActiveCfg = Debug|Any CPU
		{610C9B6E-77D4-42F2-97CF-D576F9446771}.Debug|Any CPU.Build.0 = Debug|Any CPU
		{610C9B6E-77D4-42F2-97CF-D576F9446771}.Release|Any CPU.ActiveCfg = Release|Any CPU
		{610C9B6E-77D4-42F2-97CF-D576F9446771}.Release|Any CPU.Build.0 = Release|Any CPU
		{D122E669-711D-4769-AB02-91C18F856C7E}.Debug|Any CPU.ActiveCfg = Debug|Any CPU
		{D122E669-711D-4769-AB02-91C18F856C7E}.Debug|Any CPU.Build.0 = Debug|Any CPU
		{D122E669-711D-4769-AB02-91C18F856C7E}.Release|Any CPU.ActiveCfg = Release|Any CPU
		{D122E669-711D-4769-AB02-91C18F856C7E}.Release|Any CPU.Build.0 = Release|Any CPU
		{72F10142-0E0E-4F8A-AB14-BE6503594982}.Debug|Any CPU.ActiveCfg = Debug|Any CPU
		{72F10142-0E0E-4F8A-AB14-BE6503594982}.Debug|Any CPU.Build.0 = Debug|Any CPU
		{72F10142-0E0E-4F8A-AB14-BE6503594982}.Release|Any CPU.ActiveCfg = Release|Any CPU
		{72F10142-0E0E-4F8A-AB14-BE6503594982}.Release|Any CPU.Build.0 = Release|Any CPU
		{03877E2B-51C0-41A2-879A-A84917A83D00}.Debug|Any CPU.ActiveCfg = Debug|Any CPU
		{03877E2B-51C0-41A2-879A-A84917A83D00}.Debug|Any CPU.Build.0 = Debug|Any CPU
		{03877E2B-51C0-41A2-879A-A84917A83D00}.Release|Any CPU.ActiveCfg = Release|Any CPU
		{03877E2B-51C0-41A2-879A-A84917A83D00}.Release|Any CPU.Build.0 = Release|Any CPU
		{3EE454C9-CA63-4982-9644-8526EA985F04}.Debug|Any CPU.ActiveCfg = Debug|Any CPU
		{3EE454C9-CA63-4982-9644-8526EA985F04}.Debug|Any CPU.Build.0 = Debug|Any CPU
		{3EE454C9-CA63-4982-9644-8526EA985F04}.Release|Any CPU.ActiveCfg = Release|Any CPU
		{3EE454C9-CA63-4982-9644-8526EA985F04}.Release|Any CPU.Build.0 = Release|Any CPU
		{AA3A9DAD-02D6-4A04-A8B4-2AD1E4436E82}.Debug|Any CPU.ActiveCfg = Debug|Any CPU
		{AA3A9DAD-02D6-4A04-A8B4-2AD1E4436E82}.Debug|Any CPU.Build.0 = Debug|Any CPU
		{AA3A9DAD-02D6-4A04-A8B4-2AD1E4436E82}.Release|Any CPU.ActiveCfg = Release|Any CPU
		{AA3A9DAD-02D6-4A04-A8B4-2AD1E4436E82}.Release|Any CPU.Build.0 = Release|Any CPU
		{CB6C6246-E490-4EFC-81F7-D162D0FB23AB}.Debug|Any CPU.ActiveCfg = Debug|Any CPU
		{CB6C6246-E490-4EFC-81F7-D162D0FB23AB}.Debug|Any CPU.Build.0 = Debug|Any CPU
		{CB6C6246-E490-4EFC-81F7-D162D0FB23AB}.Release|Any CPU.ActiveCfg = Release|Any CPU
		{CB6C6246-E490-4EFC-81F7-D162D0FB23AB}.Release|Any CPU.Build.0 = Release|Any CPU
		{4B0F7B12-FE2F-45E5-A843-1B9503DB9740}.Debug|Any CPU.ActiveCfg = Debug|Any CPU
		{4B0F7B12-FE2F-45E5-A843-1B9503DB9740}.Debug|Any CPU.Build.0 = Debug|Any CPU
		{4B0F7B12-FE2F-45E5-A843-1B9503DB9740}.Release|Any CPU.ActiveCfg = Release|Any CPU
		{4B0F7B12-FE2F-45E5-A843-1B9503DB9740}.Release|Any CPU.Build.0 = Release|Any CPU
		{789F0FE1-4BD6-49E2-B972-229CFDA90547}.Debug|Any CPU.ActiveCfg = Debug|Any CPU
		{789F0FE1-4BD6-49E2-B972-229CFDA90547}.Debug|Any CPU.Build.0 = Debug|Any CPU
		{789F0FE1-4BD6-49E2-B972-229CFDA90547}.Release|Any CPU.ActiveCfg = Release|Any CPU
		{789F0FE1-4BD6-49E2-B972-229CFDA90547}.Release|Any CPU.Build.0 = Release|Any CPU
		{9E67CB71-2D38-40D2-8D52-A7BA1EDD657E}.Debug|Any CPU.ActiveCfg = Debug|Any CPU
		{9E67CB71-2D38-40D2-8D52-A7BA1EDD657E}.Debug|Any CPU.Build.0 = Debug|Any CPU
		{9E67CB71-2D38-40D2-8D52-A7BA1EDD657E}.Release|Any CPU.ActiveCfg = Release|Any CPU
		{9E67CB71-2D38-40D2-8D52-A7BA1EDD657E}.Release|Any CPU.Build.0 = Release|Any CPU
		{463D7283-5775-4CF9-B055-8A79C3A7F0F0}.Debug|Any CPU.ActiveCfg = Debug|Any CPU
		{463D7283-5775-4CF9-B055-8A79C3A7F0F0}.Debug|Any CPU.Build.0 = Debug|Any CPU
		{463D7283-5775-4CF9-B055-8A79C3A7F0F0}.Release|Any CPU.ActiveCfg = Release|Any CPU
		{463D7283-5775-4CF9-B055-8A79C3A7F0F0}.Release|Any CPU.Build.0 = Release|Any CPU
		{23A1FF4D-415C-4B5D-8A40-EAC8FB570053}.Debug|Any CPU.ActiveCfg = Debug|Any CPU
		{23A1FF4D-415C-4B5D-8A40-EAC8FB570053}.Debug|Any CPU.Build.0 = Debug|Any CPU
		{23A1FF4D-415C-4B5D-8A40-EAC8FB570053}.Release|Any CPU.ActiveCfg = Release|Any CPU
		{23A1FF4D-415C-4B5D-8A40-EAC8FB570053}.Release|Any CPU.Build.0 = Release|Any CPU
		{14DADD96-C7BB-4BCE-993A-0CE6AA4F4565}.Debug|Any CPU.ActiveCfg = Debug|Any CPU
		{14DADD96-C7BB-4BCE-993A-0CE6AA4F4565}.Debug|Any CPU.Build.0 = Debug|Any CPU
		{14DADD96-C7BB-4BCE-993A-0CE6AA4F4565}.Release|Any CPU.ActiveCfg = Release|Any CPU
		{14DADD96-C7BB-4BCE-993A-0CE6AA4F4565}.Release|Any CPU.Build.0 = Release|Any CPU
		{3436B5CF-1143-45C2-AA2D-53AE3519EA32}.Debug|Any CPU.ActiveCfg = Debug|Any CPU
		{3436B5CF-1143-45C2-AA2D-53AE3519EA32}.Debug|Any CPU.Build.0 = Debug|Any CPU
		{3436B5CF-1143-45C2-AA2D-53AE3519EA32}.Release|Any CPU.ActiveCfg = Release|Any CPU
		{3436B5CF-1143-45C2-AA2D-53AE3519EA32}.Release|Any CPU.Build.0 = Release|Any CPU
		{21C34DDD-AFB8-404E-B6A0-2CC26E4A5FE7}.Debug|Any CPU.ActiveCfg = Debug|Any CPU
		{21C34DDD-AFB8-404E-B6A0-2CC26E4A5FE7}.Debug|Any CPU.Build.0 = Debug|Any CPU
		{21C34DDD-AFB8-404E-B6A0-2CC26E4A5FE7}.Release|Any CPU.ActiveCfg = Release|Any CPU
		{21C34DDD-AFB8-404E-B6A0-2CC26E4A5FE7}.Release|Any CPU.Build.0 = Release|Any CPU
		{2CE1FE59-1162-4164-9E02-B0333A39ABC2}.Debug|Any CPU.ActiveCfg = Debug|Any CPU
		{2CE1FE59-1162-4164-9E02-B0333A39ABC2}.Debug|Any CPU.Build.0 = Debug|Any CPU
		{2CE1FE59-1162-4164-9E02-B0333A39ABC2}.Release|Any CPU.ActiveCfg = Release|Any CPU
		{2CE1FE59-1162-4164-9E02-B0333A39ABC2}.Release|Any CPU.Build.0 = Release|Any CPU
	EndGlobalSection
	GlobalSection(SolutionProperties) = preSolution
		HideSolutionNode = FALSE
	EndGlobalSection
	GlobalSection(NestedProjects) = preSolution
		{C7D0FC1D-2BC3-417A-8F08-6E0EB0564592} = {7AA7259E-ED3C-4BCD-8E2D-2773314BA095}
		{02D4DB8D-2FB9-4BF3-A4B8-88DC9153D0BE} = {7AA7259E-ED3C-4BCD-8E2D-2773314BA095}
		{9AEBA209-1B27-4BD8-85AA-FD1925AA564F} = {7AA7259E-ED3C-4BCD-8E2D-2773314BA095}
		{EEA28073-EB50-49F6-A419-BF60D493ABA0} = {7AA7259E-ED3C-4BCD-8E2D-2773314BA095}
		{EF5F6FFE-C648-45ED-83FB-B43BFF113FE7} = {7AA7259E-ED3C-4BCD-8E2D-2773314BA095}
		{C60D4E21-AE03-450D-8184-D08DFC80D198} = {7AA7259E-ED3C-4BCD-8E2D-2773314BA095}
		{9F0F3328-4F70-4CA9-9E33-2E58996E568B} = {7AA7259E-ED3C-4BCD-8E2D-2773314BA095}
		{D89FD4D7-834B-4C82-A0A6-014101D72088} = {7AA7259E-ED3C-4BCD-8E2D-2773314BA095}
		{64F1389A-9478-4D40-A3E7-26E0DD8D7474} = {4776A2D4-88C6-4858-9E13-1D7E49BC57F0}
		{1DAA0971-47A4-4E2B-9456-E7589B6C35D4} = {4776A2D4-88C6-4858-9E13-1D7E49BC57F0}
		{858DB263-D9E1-4ECE-89CB-B084FE8C671C} = {4776A2D4-88C6-4858-9E13-1D7E49BC57F0}
		{D2B0B684-0A41-46CA-9634-81459EFEF206} = {7AA7259E-ED3C-4BCD-8E2D-2773314BA095}
		{A85A9D0F-A7FF-4D42-AD83-37B4B37A5370} = {7AA7259E-ED3C-4BCD-8E2D-2773314BA095}
		{7E6D60B2-CFBB-4646-9E2E-4806FBC64C64} = {4776A2D4-88C6-4858-9E13-1D7E49BC57F0}
		{973385BD-8040-444F-A07E-591435AE68AB} = {7AA7259E-ED3C-4BCD-8E2D-2773314BA095}
		{45FDB9C0-2482-4253-BFCC-1CDECFC4526F} = {7AA7259E-ED3C-4BCD-8E2D-2773314BA095}
		{2BC84FDA-7652-4DE6-ADE2-80D278356FB4} = {7AA7259E-ED3C-4BCD-8E2D-2773314BA095}
		{075F5F84-738A-48D3-BB00-35B6C5539E7F} = {4776A2D4-88C6-4858-9E13-1D7E49BC57F0}
		{84B08DA8-EBE3-42EB-A6EB-6A0F1548E6AB} = {4776A2D4-88C6-4858-9E13-1D7E49BC57F0}
		{81229C9D-07CE-4878-B761-FFCB1CC6A21D} = {7AA7259E-ED3C-4BCD-8E2D-2773314BA095}
		{41192834-9971-4112-8333-35A50D15D45F} = {7AA7259E-ED3C-4BCD-8E2D-2773314BA095}
		{7AA7259E-ED3C-4BCD-8E2D-2773314BA095} = {69905466-7C60-495C-AC0A-E9EF6EA1101C}
		{1F214437-A53C-4A3F-A407-7D6296848240} = {7AA7259E-ED3C-4BCD-8E2D-2773314BA095}
		{A1AC4894-0924-438B-891E-069302BA3AA8} = {4776A2D4-88C6-4858-9E13-1D7E49BC57F0}
		{E8753AB7-DF48-41AC-9C50-0EA7CF9DFA79} = {4776A2D4-88C6-4858-9E13-1D7E49BC57F0}
		{4776A2D4-88C6-4858-9E13-1D7E49BC57F0} = {69905466-7C60-495C-AC0A-E9EF6EA1101C}
		{7AB4DFCC-0FA4-431E-805B-D36412165C7B} = {7AA7259E-ED3C-4BCD-8E2D-2773314BA095}
		{E4574F83-4695-4F32-B5A5-2BB6BABDD363} = {7AA7259E-ED3C-4BCD-8E2D-2773314BA095}
		{F1256750-69D6-46B1-93AE-DCCD9B06B510} = {7AA7259E-ED3C-4BCD-8E2D-2773314BA095}
		{A6C6D905-3F30-4820-8145-4C13011042CE} = {7AA7259E-ED3C-4BCD-8E2D-2773314BA095}
		{9A1C01ED-7848-4AE3-A058-A8A327E89E28} = {7AA7259E-ED3C-4BCD-8E2D-2773314BA095}
		{BA1E6711-D5A6-411F-988A-DE3940CAB9B0} = {7AA7259E-ED3C-4BCD-8E2D-2773314BA095}
		{3E4A7617-3E05-44D0-8F78-D60F676E9BBD} = {83CE71C9-672F-4FF3-AF2F-E994702E8B3B}
		{83CE71C9-672F-4FF3-AF2F-E994702E8B3B} = {69905466-7C60-495C-AC0A-E9EF6EA1101C}
		{DB746BFC-A238-461B-B1E5-CAE4323635EA} = {83CE71C9-672F-4FF3-AF2F-E994702E8B3B}
		{EED1B96D-5B00-47E6-A04C-B474DDC1264D} = {83CE71C9-672F-4FF3-AF2F-E994702E8B3B}
		{5C6C91A3-8194-43E4-8B44-66C703C7FB1E} = {83CE71C9-672F-4FF3-AF2F-E994702E8B3B}
		{ABB4C918-5C54-4280-AD06-26210069BA2A} = {7AA7259E-ED3C-4BCD-8E2D-2773314BA095}
		{A221CCB7-9072-409B-A69A-4AFA307EF551} = {7AA7259E-ED3C-4BCD-8E2D-2773314BA095}
		{248842D8-87AC-4EAB-9EF8-65871995B3D4} = {7AA7259E-ED3C-4BCD-8E2D-2773314BA095}
		{4002322E-AC60-4E33-B144-1A4717CC686E} = {7AA7259E-ED3C-4BCD-8E2D-2773314BA095}
		{8A1B6CEC-C478-4F45-9EE1-9D3DC228E4CE} = {83CE71C9-672F-4FF3-AF2F-E994702E8B3B}
		{FE774DA4-6F29-4A9F-BCD4-8FAF2996BE9A} = {7AA7259E-ED3C-4BCD-8E2D-2773314BA095}
		{9FF94846-ED3E-49DF-8AFB-3F1CFE7D9085} = {83CE71C9-672F-4FF3-AF2F-E994702E8B3B}
		{F82AF1D8-CC7C-42CF-85EE-44DB5BCB3F7D} = {7AA7259E-ED3C-4BCD-8E2D-2773314BA095}
		{72D932F6-0594-407D-B176-02979C621A49} = {7AA7259E-ED3C-4BCD-8E2D-2773314BA095}
		{C4032B86-4EED-4BD8-92C2-32CD26F2CA92} = {83CE71C9-672F-4FF3-AF2F-E994702E8B3B}
		{610C9B6E-77D4-42F2-97CF-D576F9446771} = {4776A2D4-88C6-4858-9E13-1D7E49BC57F0}
		{D122E669-711D-4769-AB02-91C18F856C7E} = {9411AF0A-EDD4-47F6-85FB-7CD1D64CCC5D}
		{02BD20A5-A66E-4F22-B874-EBFE5E92DBE8} = {9411AF0A-EDD4-47F6-85FB-7CD1D64CCC5D}
		{72F10142-0E0E-4F8A-AB14-BE6503594982} = {9411AF0A-EDD4-47F6-85FB-7CD1D64CCC5D}
		{03877E2B-51C0-41A2-879A-A84917A83D00} = {9411AF0A-EDD4-47F6-85FB-7CD1D64CCC5D}
		{3EE454C9-CA63-4982-9644-8526EA985F04} = {9411AF0A-EDD4-47F6-85FB-7CD1D64CCC5D}
		{AA3A9DAD-02D6-4A04-A8B4-2AD1E4436E82} = {9411AF0A-EDD4-47F6-85FB-7CD1D64CCC5D}
		{CB6C6246-E490-4EFC-81F7-D162D0FB23AB} = {9411AF0A-EDD4-47F6-85FB-7CD1D64CCC5D}
		{4B0F7B12-FE2F-45E5-A843-1B9503DB9740} = {92CD6A40-74BC-481F-B4E4-538AEAC54B7D}
		{789F0FE1-4BD6-49E2-B972-229CFDA90547} = {92CD6A40-74BC-481F-B4E4-538AEAC54B7D}
		{9E67CB71-2D38-40D2-8D52-A7BA1EDD657E} = {9411AF0A-EDD4-47F6-85FB-7CD1D64CCC5D}
		{463D7283-5775-4CF9-B055-8A79C3A7F0F0} = {92CD6A40-74BC-481F-B4E4-538AEAC54B7D}
		{23A1FF4D-415C-4B5D-8A40-EAC8FB570053} = {9411AF0A-EDD4-47F6-85FB-7CD1D64CCC5D}
		{14DADD96-C7BB-4BCE-993A-0CE6AA4F4565} = {92CD6A40-74BC-481F-B4E4-538AEAC54B7D}
		{3436B5CF-1143-45C2-AA2D-53AE3519EA32} = {92CD6A40-74BC-481F-B4E4-538AEAC54B7D}
		{21C34DDD-AFB8-404E-B6A0-2CC26E4A5FE7} = {92CD6A40-74BC-481F-B4E4-538AEAC54B7D}
		{2CE1FE59-1162-4164-9E02-B0333A39ABC2} = {92CD6A40-74BC-481F-B4E4-538AEAC54B7D}
	EndGlobalSection
	GlobalSection(ExtensibilityGlobals) = postSolution
		SolutionGuid = {6AC9A86D-B5A6-4AA0-8C14-06AE0F3BE82B}
	EndGlobalSection
EndGlobal
