
Microsoft Visual Studio Solution File, Format Version 12.00
# Visual Studio Version 16
VisualStudioVersion = 16.0.29905.134
MinimumVisualStudioVersion = 10.0.40219.1
Project("{FAE04EC0-301F-11D3-BF4B-00C04F79EFBC}") = "ConsoleApp4", "ConsoleApp4\ConsoleApp4.csproj", "{00F6E3E8-0EA8-4FAE-9830-5EA4FF917017}"
EndProject
Global
	GlobalSection(SolutionConfigurationPlatforms) = preSolution
		Debug|Any CPU = Debug|Any CPU
		Release|Any CPU = Release|Any CPU
	EndGlobalSection
	GlobalSection(ProjectConfigurationPlatforms) = postSolution
		{00F6E3E8-0EA8-4FAE-9830-5EA4FF917017}.Debug|Any CPU.ActiveCfg = Debug|Any CPU
		{00F6E3E8-0EA8-4FAE-9830-5EA4FF917017}.Debug|Any CPU.Build.0 = Debug|Any CPU
		{00F6E3E8-0EA8-4FAE-9830-5EA4FF917017}.Release|Any CPU.ActiveCfg = Release|Any CPU
		{00F6E3E8-0EA8-4FAE-9830-5EA4FF917017}.Release|Any CPU.Build.0 = Release|Any CPU
	EndGlobalSection
	GlobalSection(SolutionProperties) = preSolution
		HideSolutionNode = FALSE
	EndGlobalSection
	GlobalSection(ExtensibilityGlobals) = postSolution
		SolutionGuid = {A14B13E7-8848-42C4-91B5-FA0D2D6DE806}
	EndGlobalSection
EndGlobal
