
Microsoft Visual Studio Solution File, Format Version 12.00
# Visual Studio Version 16
VisualStudioVersion = 16.0.29905.134
MinimumVisualStudioVersion = 10.0.40219.1
Project("{FAE04EC0-301F-11D3-BF4B-00C04F79EFBC}") = "8. Custom Linked List", "8. Custom Linked List.csproj", "{A3C75CC0-DA99-4643-B9E7-12D187BCF2FD}"
EndProject
Project("{FAE04EC0-301F-11D3-BF4B-00C04F79EFBC}") = "ListTest", "..\ListTest\ListTest.csproj", "{76FEDC9B-7D0A-443B-B8C6-5A2CD183E5C7}"
EndProject
Global
	GlobalSection(SolutionConfigurationPlatforms) = preSolution
		Debug|Any CPU = Debug|Any CPU
		Release|Any CPU = Release|Any CPU
	EndGlobalSection
	GlobalSection(ProjectConfigurationPlatforms) = postSolution
		{A3C75CC0-DA99-4643-B9E7-12D187BCF2FD}.Debug|Any CPU.ActiveCfg = Debug|Any CPU
		{A3C75CC0-DA99-4643-B9E7-12D187BCF2FD}.Debug|Any CPU.Build.0 = Debug|Any CPU
		{A3C75CC0-DA99-4643-B9E7-12D187BCF2FD}.Release|Any CPU.ActiveCfg = Release|Any CPU
		{A3C75CC0-DA99-4643-B9E7-12D187BCF2FD}.Release|Any CPU.Build.0 = Release|Any CPU
		{76FEDC9B-7D0A-443B-B8C6-5A2CD183E5C7}.Debug|Any CPU.ActiveCfg = Debug|Any CPU
		{76FEDC9B-7D0A-443B-B8C6-5A2CD183E5C7}.Debug|Any CPU.Build.0 = Debug|Any CPU
		{76FEDC9B-7D0A-443B-B8C6-5A2CD183E5C7}.Release|Any CPU.ActiveCfg = Release|Any CPU
		{76FEDC9B-7D0A-443B-B8C6-5A2CD183E5C7}.Release|Any CPU.Build.0 = Release|Any CPU
	EndGlobalSection
	GlobalSection(SolutionProperties) = preSolution
		HideSolutionNode = FALSE
	EndGlobalSection
	GlobalSection(ExtensibilityGlobals) = postSolution
		SolutionGuid = {82829285-F62F-48EC-86CF-3743078F2A1E}
	EndGlobalSection
EndGlobal
