
Microsoft Visual Studio Solution File, Format Version 12.00
# Visual Studio Version 16
VisualStudioVersion = 16.0.29905.134
MinimumVisualStudioVersion = 10.0.40219.1
Project("{FAE04EC0-301F-11D3-BF4B-00C04F79EFBC}") = "ConsoleTestApp", "ConsoleTestApp\ConsoleTestApp.csproj", "{6B6C260F-6282-4C66-8101-C5D7C3F6D1FF}"
EndProject
Project("{FAE04EC0-301F-11D3-BF4B-00C04F79EFBC}") = "WebApplication1", "WebApplication1\WebApplication1.csproj", "{2FAF0BC1-106B-4D9B-B332-A7CBC6D66B5B}"
EndProject
Global
	GlobalSection(SolutionConfigurationPlatforms) = preSolution
		Debug|Any CPU = Debug|Any CPU
		Release|Any CPU = Release|Any CPU
	EndGlobalSection
	GlobalSection(ProjectConfigurationPlatforms) = postSolution
		{6B6C260F-6282-4C66-8101-C5D7C3F6D1FF}.Debug|Any CPU.ActiveCfg = Debug|Any CPU
		{6B6C260F-6282-4C66-8101-C5D7C3F6D1FF}.Debug|Any CPU.Build.0 = Debug|Any CPU
		{6B6C260F-6282-4C66-8101-C5D7C3F6D1FF}.Release|Any CPU.ActiveCfg = Release|Any CPU
		{6B6C260F-6282-4C66-8101-C5D7C3F6D1FF}.Release|Any CPU.Build.0 = Release|Any CPU
		{2FAF0BC1-106B-4D9B-B332-A7CBC6D66B5B}.Debug|Any CPU.ActiveCfg = Debug|Any CPU
		{2FAF0BC1-106B-4D9B-B332-A7CBC6D66B5B}.Debug|Any CPU.Build.0 = Debug|Any CPU
		{2FAF0BC1-106B-4D9B-B332-A7CBC6D66B5B}.Release|Any CPU.ActiveCfg = Release|Any CPU
		{2FAF0BC1-106B-4D9B-B332-A7CBC6D66B5B}.Release|Any CPU.Build.0 = Release|Any CPU
	EndGlobalSection
	GlobalSection(SolutionProperties) = preSolution
		HideSolutionNode = FALSE
	EndGlobalSection
	GlobalSection(ExtensibilityGlobals) = postSolution
		SolutionGuid = {0949C661-2C6A-4B93-8088-637FDF11F10F}
	EndGlobalSection
EndGlobal
